
Microsoft Visual Studio Solution File, Format Version 12.00
# Visual Studio Version 17
VisualStudioVersion = 17.11.35312.102
MinimumVisualStudioVersion = 10.0.40219.1
Project("{9A19103F-16F7-4668-BE54-9A1E7A4F7556}") = "Konteh.BackOfficeApi", "Konteh.BackOfficeApi\Konteh.BackOfficeApi.csproj", "{EB16F3F6-2D0A-4B15-87E0-0BB70C5DE743}"
EndProject
Project("{9A19103F-16F7-4668-BE54-9A1E7A4F7556}") = "Konteh.FrontOfficeApi", "Konteh.FrontOfficeApi\Konteh.FrontOfficeApi.csproj", "{D3FBE468-33F9-4B58-904F-CA804D37C704}"
EndProject
Project("{9A19103F-16F7-4668-BE54-9A1E7A4F7556}") = "Konteh.Domain", "Konteh.Domain\Konteh.Domain.csproj", "{C8851359-0F62-4CA8-9FCC-AE193E5CBB17}"
EndProject
Project("{9A19103F-16F7-4668-BE54-9A1E7A4F7556}") = "Konteh.Infrastructure", "Konteh.Infrastructure\Konteh.Infrastructure.csproj", "{EC04FAE7-AADC-4822-888C-BA16E6BD0284}"
EndProject
Project("{9A19103F-16F7-4668-BE54-9A1E7A4F7556}") = "Konteh.FrontOffice.Api.Tests", "Konteh.FrontOffice.Api.Tests\Konteh.FrontOffice.Api.Tests.csproj", "{F870045F-9B98-4E0F-A59B-E1FE6A5362FA}"
EndProject
Project("{9A19103F-16F7-4668-BE54-9A1E7A4F7556}") = "Konteh.BackOffice.Api.Tests", "Konteh.BackOffice.Api.Tests\Konteh.BackOffice.Api.Tests.csproj", "{8562C7C4-A632-4022-9AD5-148956C32A5C}"
EndProject
Project("{FAE04EC0-301F-11D3-BF4B-00C04F79EFBC}") = "Konteh.Test.Infrastructure", "Konteh.Test.Infrastructure\Konteh.Test.Infrastructure.csproj", "{5BD38417-C4F2-4AA0-AB0C-CE1356B01FA9}"
EndProject
Global
	GlobalSection(SolutionConfigurationPlatforms) = preSolution
		Debug|Any CPU = Debug|Any CPU
		Release|Any CPU = Release|Any CPU
	EndGlobalSection
	GlobalSection(ProjectConfigurationPlatforms) = postSolution
		{EB16F3F6-2D0A-4B15-87E0-0BB70C5DE743}.Debug|Any CPU.ActiveCfg = Debug|Any CPU
		{EB16F3F6-2D0A-4B15-87E0-0BB70C5DE743}.Debug|Any CPU.Build.0 = Debug|Any CPU
		{EB16F3F6-2D0A-4B15-87E0-0BB70C5DE743}.Release|Any CPU.ActiveCfg = Release|Any CPU
		{EB16F3F6-2D0A-4B15-87E0-0BB70C5DE743}.Release|Any CPU.Build.0 = Release|Any CPU
		{D3FBE468-33F9-4B58-904F-CA804D37C704}.Debug|Any CPU.ActiveCfg = Debug|Any CPU
		{D3FBE468-33F9-4B58-904F-CA804D37C704}.Debug|Any CPU.Build.0 = Debug|Any CPU
		{D3FBE468-33F9-4B58-904F-CA804D37C704}.Release|Any CPU.ActiveCfg = Release|Any CPU
		{D3FBE468-33F9-4B58-904F-CA804D37C704}.Release|Any CPU.Build.0 = Release|Any CPU
		{C8851359-0F62-4CA8-9FCC-AE193E5CBB17}.Debug|Any CPU.ActiveCfg = Debug|Any CPU
		{C8851359-0F62-4CA8-9FCC-AE193E5CBB17}.Debug|Any CPU.Build.0 = Debug|Any CPU
		{C8851359-0F62-4CA8-9FCC-AE193E5CBB17}.Release|Any CPU.ActiveCfg = Release|Any CPU
		{C8851359-0F62-4CA8-9FCC-AE193E5CBB17}.Release|Any CPU.Build.0 = Release|Any CPU
		{EC04FAE7-AADC-4822-888C-BA16E6BD0284}.Debug|Any CPU.ActiveCfg = Debug|Any CPU
		{EC04FAE7-AADC-4822-888C-BA16E6BD0284}.Debug|Any CPU.Build.0 = Debug|Any CPU
		{EC04FAE7-AADC-4822-888C-BA16E6BD0284}.Release|Any CPU.ActiveCfg = Release|Any CPU
		{EC04FAE7-AADC-4822-888C-BA16E6BD0284}.Release|Any CPU.Build.0 = Release|Any CPU
		{F870045F-9B98-4E0F-A59B-E1FE6A5362FA}.Debug|Any CPU.ActiveCfg = Debug|Any CPU
		{F870045F-9B98-4E0F-A59B-E1FE6A5362FA}.Debug|Any CPU.Build.0 = Debug|Any CPU
		{F870045F-9B98-4E0F-A59B-E1FE6A5362FA}.Release|Any CPU.ActiveCfg = Release|Any CPU
		{F870045F-9B98-4E0F-A59B-E1FE6A5362FA}.Release|Any CPU.Build.0 = Release|Any CPU
		{8562C7C4-A632-4022-9AD5-148956C32A5C}.Debug|Any CPU.ActiveCfg = Debug|Any CPU
		{8562C7C4-A632-4022-9AD5-148956C32A5C}.Debug|Any CPU.Build.0 = Debug|Any CPU
		{8562C7C4-A632-4022-9AD5-148956C32A5C}.Release|Any CPU.ActiveCfg = Release|Any CPU
		{8562C7C4-A632-4022-9AD5-148956C32A5C}.Release|Any CPU.Build.0 = Release|Any CPU
		{5BD38417-C4F2-4AA0-AB0C-CE1356B01FA9}.Debug|Any CPU.ActiveCfg = Debug|Any CPU
		{5BD38417-C4F2-4AA0-AB0C-CE1356B01FA9}.Debug|Any CPU.Build.0 = Debug|Any CPU
		{5BD38417-C4F2-4AA0-AB0C-CE1356B01FA9}.Release|Any CPU.ActiveCfg = Release|Any CPU
		{5BD38417-C4F2-4AA0-AB0C-CE1356B01FA9}.Release|Any CPU.Build.0 = Release|Any CPU
	EndGlobalSection
	GlobalSection(SolutionProperties) = preSolution
		HideSolutionNode = FALSE
	EndGlobalSection
	GlobalSection(ExtensibilityGlobals) = postSolution
		SolutionGuid = {9970CBA1-5333-491B-B093-B418549DFBB9}
	EndGlobalSection
EndGlobal
